
Microsoft Visual Studio Solution File, Format Version 12.00
# Visual Studio Version 16
VisualStudioVersion = 16.0.29509.3
MinimumVisualStudioVersion = 10.0.40219.1
Project("{FAE04EC0-301F-11D3-BF4B-00C04F79EFBC}") = "Redactor", "Redactor\Redactor.csproj", "{D2A7699B-24AF-48C9-BBE7-D13F0B9794BA}"
EndProject
Global
	GlobalSection(SolutionConfigurationPlatforms) = preSolution
		Debug|Any CPU = Debug|Any CPU
		Release|Any CPU = Release|Any CPU
	EndGlobalSection
	GlobalSection(ProjectConfigurationPlatforms) = postSolution
		{D2A7699B-24AF-48C9-BBE7-D13F0B9794BA}.Debug|Any CPU.ActiveCfg = Debug|Any CPU
		{D2A7699B-24AF-48C9-BBE7-D13F0B9794BA}.Debug|Any CPU.Build.0 = Debug|Any CPU
		{D2A7699B-24AF-48C9-BBE7-D13F0B9794BA}.Release|Any CPU.ActiveCfg = Release|Any CPU
		{D2A7699B-24AF-48C9-BBE7-D13F0B9794BA}.Release|Any CPU.Build.0 = Release|Any CPU
	EndGlobalSection
	GlobalSection(SolutionProperties) = preSolution
		HideSolutionNode = FALSE
	EndGlobalSection
	GlobalSection(ExtensibilityGlobals) = postSolution
		SolutionGuid = {EF2DD769-A7C6-4FBA-8006-135C11505177}
	EndGlobalSection
EndGlobal
