
Microsoft Visual Studio Solution File, Format Version 12.00
# Visual Studio Version 16
VisualStudioVersion = 16.0.31313.79
MinimumVisualStudioVersion = 10.0.40219.1
Project("{FAE04EC0-301F-11D3-BF4B-00C04F79EFBC}") = "TicTacToeGame", "TicTacToeGame\TicTacToeGame.csproj", "{17673DE5-D5EA-47B9-BF73-EF343826BCFC}"
EndProject
Global
	GlobalSection(SolutionConfigurationPlatforms) = preSolution
		Debug|Any CPU = Debug|Any CPU
		Release|Any CPU = Release|Any CPU
	EndGlobalSection
	GlobalSection(ProjectConfigurationPlatforms) = postSolution
		{17673DE5-D5EA-47B9-BF73-EF343826BCFC}.Debug|Any CPU.ActiveCfg = Debug|Any CPU
		{17673DE5-D5EA-47B9-BF73-EF343826BCFC}.Debug|Any CPU.Build.0 = Debug|Any CPU
		{17673DE5-D5EA-47B9-BF73-EF343826BCFC}.Release|Any CPU.ActiveCfg = Release|Any CPU
		{17673DE5-D5EA-47B9-BF73-EF343826BCFC}.Release|Any CPU.Build.0 = Release|Any CPU
	EndGlobalSection
	GlobalSection(SolutionProperties) = preSolution
		HideSolutionNode = FALSE
	EndGlobalSection
	GlobalSection(ExtensibilityGlobals) = postSolution
		SolutionGuid = {099EDD9A-8979-4A6D-A922-2B34A9C4362A}
	EndGlobalSection
EndGlobal
